
Microsoft Visual Studio Solution File, Format Version 12.00
# Visual Studio Version 16
VisualStudioVersion = 16.0.29215.179
MinimumVisualStudioVersion = 10.0.40219.1
Project("{FAE04EC0-301F-11D3-BF4B-00C04F79EFBC}") = "UEd", "UEd\UEd.csproj", "{C56ADD93-8C0D-45E0-9F9F-57EE3B0D5F61}"
EndProject
Project("{FAE04EC0-301F-11D3-BF4B-00C04F79EFBC}") = "UEditor", "UEditor\UEditor.csproj", "{0A443941-2C2D-4F32-94D2-6649826D99DD}"
EndProject
Project("{FAE04EC0-301F-11D3-BF4B-00C04F79EFBC}") = "UEditorTests", "UEditorTests\UEditorTests.csproj", "{59EEE97B-4427-4009-A809-2DCEABF2F9CB}"
EndProject
Global
	GlobalSection(SolutionConfigurationPlatforms) = preSolution
		Debug|Any CPU = Debug|Any CPU
		Release|Any CPU = Release|Any CPU
	EndGlobalSection
	GlobalSection(ProjectConfigurationPlatforms) = postSolution
		{C56ADD93-8C0D-45E0-9F9F-57EE3B0D5F61}.Debug|Any CPU.ActiveCfg = Debug|Any CPU
		{C56ADD93-8C0D-45E0-9F9F-57EE3B0D5F61}.Debug|Any CPU.Build.0 = Debug|Any CPU
		{C56ADD93-8C0D-45E0-9F9F-57EE3B0D5F61}.Release|Any CPU.ActiveCfg = Release|Any CPU
		{C56ADD93-8C0D-45E0-9F9F-57EE3B0D5F61}.Release|Any CPU.Build.0 = Release|Any CPU
		{0A443941-2C2D-4F32-94D2-6649826D99DD}.Debug|Any CPU.ActiveCfg = Debug|Any CPU
		{0A443941-2C2D-4F32-94D2-6649826D99DD}.Debug|Any CPU.Build.0 = Debug|Any CPU
		{0A443941-2C2D-4F32-94D2-6649826D99DD}.Release|Any CPU.ActiveCfg = Release|Any CPU
		{0A443941-2C2D-4F32-94D2-6649826D99DD}.Release|Any CPU.Build.0 = Release|Any CPU
		{59EEE97B-4427-4009-A809-2DCEABF2F9CB}.Debug|Any CPU.ActiveCfg = Debug|Any CPU
		{59EEE97B-4427-4009-A809-2DCEABF2F9CB}.Debug|Any CPU.Build.0 = Debug|Any CPU
		{59EEE97B-4427-4009-A809-2DCEABF2F9CB}.Release|Any CPU.ActiveCfg = Release|Any CPU
		{59EEE97B-4427-4009-A809-2DCEABF2F9CB}.Release|Any CPU.Build.0 = Release|Any CPU
	EndGlobalSection
	GlobalSection(SolutionProperties) = preSolution
		HideSolutionNode = FALSE
	EndGlobalSection
	GlobalSection(ExtensibilityGlobals) = postSolution
		SolutionGuid = {1282FCC9-8951-4326-989F-1898B22F2DD7}
	EndGlobalSection
EndGlobal
